
Microsoft Visual Studio Solution File, Format Version 12.00
# Visual Studio 15
VisualStudioVersion = 15.0.27130.2020
MinimumVisualStudioVersion = 10.0.40219.1
Project("{2150E333-8FDC-42A3-9474-1A3956D46DE8}") = "2017-12-16", "2017-12-16", "{349C0DD2-EEA4-42FA-8619-DEE01D700123}"
EndProject
Project("{2150E333-8FDC-42A3-9474-1A3956D46DE8}") = "2017-12-18", "2017-12-18", "{CFD2C792-73C3-42EC-AF55-E97C20C0394D}"
EndProject
Project("{2150E333-8FDC-42A3-9474-1A3956D46DE8}") = "2017-12-20", "2017-12-20", "{FC094AB3-35B3-4F15-8F96-680BA3FCE6EC}"
EndProject
Project("{2150E333-8FDC-42A3-9474-1A3956D46DE8}") = "2017-12-25", "2017-12-25", "{0AC81C5F-F0CC-4C7B-AF1D-F256537894A7}"
EndProject
Project("{2150E333-8FDC-42A3-9474-1A3956D46DE8}") = "2017-12-27", "2017-12-27", "{93E6E3EF-04BC-4F0C-9443-A55C59B14CE8}"
EndProject
Project("{2150E333-8FDC-42A3-9474-1A3956D46DE8}") = "2018-01-02", "2018-01-02", "{51433DD9-7FE4-4544-AB46-2528E8051517}"
EndProject
Project("{2150E333-8FDC-42A3-9474-1A3956D46DE8}") = "2018-01-05", "2018-01-05", "{8A24BB85-025B-4F04-A60B-3C22010A5D6B}"
EndProject
Project("{2150E333-8FDC-42A3-9474-1A3956D46DE8}") = "2018-01-09", "2018-01-09", "{6D77EBA9-24EE-4543-8881-4BA3C7329396}"
EndProject
Project("{2150E333-8FDC-42A3-9474-1A3956D46DE8}") = "2018-01-12", "2018-01-12", "{AB593699-DA94-4D16-B6D6-F1322EBB0780}"
EndProject
Project("{FAE04EC0-301F-11D3-BF4B-00C04F79EFBC}") = "OurFirstConsoleAPP", "2017-10-16(104)\OurFirstConsoleAPP\OurFirstConsoleAPP\OurFirstConsoleAPP.csproj", "{06FF9ED4-2055-4EC2-B97A-786AD3E67BC1}"
EndProject
Project("{FAE04EC0-301F-11D3-BF4B-00C04F79EFBC}") = "ConsoleApp", "2017-10-18(104)\ConsoleApp\ConsoleApp\ConsoleApp.csproj", "{6D5FA85C-4268-4EAB-816C-5FF6030C6CC4}"
EndProject
Project("{FAE04EC0-301F-11D3-BF4B-00C04F79EFBC}") = "ConsoleApp", "2017-10-20(104)\ConsoleApp\ConsoleApp\ConsoleApp.csproj", "{DB55B221-FBFF-4A6D-BC58-5508084A31B7}"
EndProject
Project("{FAE04EC0-301F-11D3-BF4B-00C04F79EFBC}") = "ConsoleApp", "2017-10-25(104)\ConsoleApp\ConsoleApp\ConsoleApp.csproj", "{DF3AFAE8-C752-4AF4-AA93-09C75CA49C48}"
EndProject
Project("{FAE04EC0-301F-11D3-BF4B-00C04F79EFBC}") = "ConsoleApp2", "2017-10-25(104)\ConsoleApp2\ConsoleApp2\ConsoleApp2.csproj", "{1550CA39-FEE7-4FC2-B1B0-5603B348ADD6}"
EndProject
Project("{FAE04EC0-301F-11D3-BF4B-00C04F79EFBC}") = "ConsoleApp", "2017-10-27(104)\ConsoleApp\ConsoleApp\ConsoleApp.csproj", "{FC79E6B4-97F0-453B-81A9-163D67FF7DEF}"
EndProject
Project("{FAE04EC0-301F-11D3-BF4B-00C04F79EFBC}") = "ConsoleApp2", "2017-10-27(104)\ConsoleApp2\ConsoleApp2\ConsoleApp2.csproj", "{337FBDED-13F0-4ACC-B6C2-3B464CBD1A71}"
EndProject
Project("{FAE04EC0-301F-11D3-BF4B-00C04F79EFBC}") = "ConsoleApp", "2018-01-02(104)\ConsoleApp\ConsoleApp\ConsoleApp.csproj", "{FBCA9540-0F63-41C6-A976-4B17AB47B148}"
EndProject
Project("{FAE04EC0-301F-11D3-BF4B-00C04F79EFBC}") = "ConsoleApp1", "2018-01-05(104)\ConsoleApp1\ConsoleApp1\ConsoleApp1.csproj", "{C7524E13-1321-4CC9-B3BA-6779DDE4918D}"
EndProject
Project("{FAE04EC0-301F-11D3-BF4B-00C04F79EFBC}") = "ConsoleApp1", "2018-01-09(104)\ConsoleApp1\ConsoleApp1\ConsoleApp1.csproj", "{B3E6A5B2-5329-44A1-B7E9-C46E4921B6C6}"
EndProject
Project("{FAE04EC0-301F-11D3-BF4B-00C04F79EFBC}") = "ConsoleApp1", "2018-01-12(104)\ConsoleApp1\ConsoleApp1\ConsoleApp1\ConsoleApp1.csproj", "{48D13A6C-C058-447A-9DA7-74E6AD74293F}"
EndProject
Global
	GlobalSection(SolutionConfigurationPlatforms) = preSolution
		Debug|Any CPU = Debug|Any CPU
		Release|Any CPU = Release|Any CPU
	EndGlobalSection
	GlobalSection(ProjectConfigurationPlatforms) = postSolution
		{06FF9ED4-2055-4EC2-B97A-786AD3E67BC1}.Debug|Any CPU.ActiveCfg = Debug|Any CPU
		{06FF9ED4-2055-4EC2-B97A-786AD3E67BC1}.Debug|Any CPU.Build.0 = Debug|Any CPU
		{06FF9ED4-2055-4EC2-B97A-786AD3E67BC1}.Release|Any CPU.ActiveCfg = Release|Any CPU
		{06FF9ED4-2055-4EC2-B97A-786AD3E67BC1}.Release|Any CPU.Build.0 = Release|Any CPU
		{6D5FA85C-4268-4EAB-816C-5FF6030C6CC4}.Debug|Any CPU.ActiveCfg = Debug|Any CPU
		{6D5FA85C-4268-4EAB-816C-5FF6030C6CC4}.Debug|Any CPU.Build.0 = Debug|Any CPU
		{6D5FA85C-4268-4EAB-816C-5FF6030C6CC4}.Release|Any CPU.ActiveCfg = Release|Any CPU
		{6D5FA85C-4268-4EAB-816C-5FF6030C6CC4}.Release|Any CPU.Build.0 = Release|Any CPU
		{DB55B221-FBFF-4A6D-BC58-5508084A31B7}.Debug|Any CPU.ActiveCfg = Debug|Any CPU
		{DB55B221-FBFF-4A6D-BC58-5508084A31B7}.Debug|Any CPU.Build.0 = Debug|Any CPU
		{DB55B221-FBFF-4A6D-BC58-5508084A31B7}.Release|Any CPU.ActiveCfg = Release|Any CPU
		{DB55B221-FBFF-4A6D-BC58-5508084A31B7}.Release|Any CPU.Build.0 = Release|Any CPU
		{DF3AFAE8-C752-4AF4-AA93-09C75CA49C48}.Debug|Any CPU.ActiveCfg = Debug|Any CPU
		{DF3AFAE8-C752-4AF4-AA93-09C75CA49C48}.Debug|Any CPU.Build.0 = Debug|Any CPU
		{DF3AFAE8-C752-4AF4-AA93-09C75CA49C48}.Release|Any CPU.ActiveCfg = Release|Any CPU
		{DF3AFAE8-C752-4AF4-AA93-09C75CA49C48}.Release|Any CPU.Build.0 = Release|Any CPU
		{1550CA39-FEE7-4FC2-B1B0-5603B348ADD6}.Debug|Any CPU.ActiveCfg = Debug|Any CPU
		{1550CA39-FEE7-4FC2-B1B0-5603B348ADD6}.Debug|Any CPU.Build.0 = Debug|Any CPU
		{1550CA39-FEE7-4FC2-B1B0-5603B348ADD6}.Release|Any CPU.ActiveCfg = Release|Any CPU
		{1550CA39-FEE7-4FC2-B1B0-5603B348ADD6}.Release|Any CPU.Build.0 = Release|Any CPU
		{FC79E6B4-97F0-453B-81A9-163D67FF7DEF}.Debug|Any CPU.ActiveCfg = Debug|Any CPU
		{FC79E6B4-97F0-453B-81A9-163D67FF7DEF}.Debug|Any CPU.Build.0 = Debug|Any CPU
		{FC79E6B4-97F0-453B-81A9-163D67FF7DEF}.Release|Any CPU.ActiveCfg = Release|Any CPU
		{FC79E6B4-97F0-453B-81A9-163D67FF7DEF}.Release|Any CPU.Build.0 = Release|Any CPU
		{337FBDED-13F0-4ACC-B6C2-3B464CBD1A71}.Debug|Any CPU.ActiveCfg = Debug|Any CPU
		{337FBDED-13F0-4ACC-B6C2-3B464CBD1A71}.Debug|Any CPU.Build.0 = Debug|Any CPU
		{337FBDED-13F0-4ACC-B6C2-3B464CBD1A71}.Release|Any CPU.ActiveCfg = Release|Any CPU
		{337FBDED-13F0-4ACC-B6C2-3B464CBD1A71}.Release|Any CPU.Build.0 = Release|Any CPU
		{FBCA9540-0F63-41C6-A976-4B17AB47B148}.Debug|Any CPU.ActiveCfg = Debug|Any CPU
		{FBCA9540-0F63-41C6-A976-4B17AB47B148}.Debug|Any CPU.Build.0 = Debug|Any CPU
		{FBCA9540-0F63-41C6-A976-4B17AB47B148}.Release|Any CPU.ActiveCfg = Release|Any CPU
		{FBCA9540-0F63-41C6-A976-4B17AB47B148}.Release|Any CPU.Build.0 = Release|Any CPU
		{C7524E13-1321-4CC9-B3BA-6779DDE4918D}.Debug|Any CPU.ActiveCfg = Debug|Any CPU
		{C7524E13-1321-4CC9-B3BA-6779DDE4918D}.Debug|Any CPU.Build.0 = Debug|Any CPU
		{C7524E13-1321-4CC9-B3BA-6779DDE4918D}.Release|Any CPU.ActiveCfg = Release|Any CPU
		{C7524E13-1321-4CC9-B3BA-6779DDE4918D}.Release|Any CPU.Build.0 = Release|Any CPU
		{B3E6A5B2-5329-44A1-B7E9-C46E4921B6C6}.Debug|Any CPU.ActiveCfg = Debug|Any CPU
		{B3E6A5B2-5329-44A1-B7E9-C46E4921B6C6}.Debug|Any CPU.Build.0 = Debug|Any CPU
		{B3E6A5B2-5329-44A1-B7E9-C46E4921B6C6}.Release|Any CPU.ActiveCfg = Release|Any CPU
		{B3E6A5B2-5329-44A1-B7E9-C46E4921B6C6}.Release|Any CPU.Build.0 = Release|Any CPU
		{48D13A6C-C058-447A-9DA7-74E6AD74293F}.Debug|Any CPU.ActiveCfg = Debug|Any CPU
		{48D13A6C-C058-447A-9DA7-74E6AD74293F}.Debug|Any CPU.Build.0 = Debug|Any CPU
		{48D13A6C-C058-447A-9DA7-74E6AD74293F}.Release|Any CPU.ActiveCfg = Release|Any CPU
		{48D13A6C-C058-447A-9DA7-74E6AD74293F}.Release|Any CPU.Build.0 = Release|Any CPU
	EndGlobalSection
	GlobalSection(SolutionProperties) = preSolution
		HideSolutionNode = FALSE
	EndGlobalSection
	GlobalSection(NestedProjects) = preSolution
		{06FF9ED4-2055-4EC2-B97A-786AD3E67BC1} = {349C0DD2-EEA4-42FA-8619-DEE01D700123}
		{6D5FA85C-4268-4EAB-816C-5FF6030C6CC4} = {CFD2C792-73C3-42EC-AF55-E97C20C0394D}
		{DB55B221-FBFF-4A6D-BC58-5508084A31B7} = {FC094AB3-35B3-4F15-8F96-680BA3FCE6EC}
		{DF3AFAE8-C752-4AF4-AA93-09C75CA49C48} = {0AC81C5F-F0CC-4C7B-AF1D-F256537894A7}
		{1550CA39-FEE7-4FC2-B1B0-5603B348ADD6} = {0AC81C5F-F0CC-4C7B-AF1D-F256537894A7}
		{FC79E6B4-97F0-453B-81A9-163D67FF7DEF} = {93E6E3EF-04BC-4F0C-9443-A55C59B14CE8}
		{337FBDED-13F0-4ACC-B6C2-3B464CBD1A71} = {93E6E3EF-04BC-4F0C-9443-A55C59B14CE8}
		{FBCA9540-0F63-41C6-A976-4B17AB47B148} = {51433DD9-7FE4-4544-AB46-2528E8051517}
		{C7524E13-1321-4CC9-B3BA-6779DDE4918D} = {8A24BB85-025B-4F04-A60B-3C22010A5D6B}
		{B3E6A5B2-5329-44A1-B7E9-C46E4921B6C6} = {6D77EBA9-24EE-4543-8881-4BA3C7329396}
		{48D13A6C-C058-447A-9DA7-74E6AD74293F} = {AB593699-DA94-4D16-B6D6-F1322EBB0780}
	EndGlobalSection
	GlobalSection(ExtensibilityGlobals) = postSolution
		SolutionGuid = {9DF4ADB1-CA51-4F7E-8E36-44C0916D988A}
	EndGlobalSection
EndGlobal
